// !$*UTF8*$!
{
	archiveVersion = 1;
	classes = {
	};
	objectVersion = 56;
	objects = {

/* Begin PBXBuildFile section */
		37A34F1C0BCED265515DD1FD /* Pods_GitHubChallengeTests.framework in Frameworks */ = {isa = PBXBuildFile; fileRef = 0429817B601B7DC91C26E452 /* Pods_GitHubChallengeTests.framework */; };
		4D5964592A0955EC0077D770 /* AppDelegate.swift in Sources */ = {isa = PBXBuildFile; fileRef = 4D5964582A0955EC0077D770 /* AppDelegate.swift */; };
		4D5964622A0955ED0077D770 /* Assets.xcassets in Resources */ = {isa = PBXBuildFile; fileRef = 4D5964612A0955ED0077D770 /* Assets.xcassets */; };
		4D5964652A0955ED0077D770 /* LaunchScreen.storyboard in Resources */ = {isa = PBXBuildFile; fileRef = 4D5964632A0955ED0077D770 /* LaunchScreen.storyboard */; };
		4D5964702A0955ED0077D770 /* GitHubChallengeTests.swift in Sources */ = {isa = PBXBuildFile; fileRef = 4D59646F2A0955ED0077D770 /* GitHubChallengeTests.swift */; };
		4D59647A2A0955EE0077D770 /* GitHubChallengeUITests.swift in Sources */ = {isa = PBXBuildFile; fileRef = 4D5964792A0955EE0077D770 /* GitHubChallengeUITests.swift */; };
		4D59647C2A0955EE0077D770 /* GitHubChallengeUITestsLaunchTests.swift in Sources */ = {isa = PBXBuildFile; fileRef = 4D59647B2A0955EE0077D770 /* GitHubChallengeUITestsLaunchTests.swift */; };
		4D5964932A0966C50077D770 /* Coordinator.swift in Sources */ = {isa = PBXBuildFile; fileRef = 4D5964922A0966C50077D770 /* Coordinator.swift */; };
		4D5964952A09671C0077D770 /* ViewModel.swift in Sources */ = {isa = PBXBuildFile; fileRef = 4D5964942A09671C0077D770 /* ViewModel.swift */; };
		4D5964972A09679F0077D770 /* TableViewProvider.swift in Sources */ = {isa = PBXBuildFile; fileRef = 4D5964962A09679F0077D770 /* TableViewProvider.swift */; };
		4D5964992A0967F30077D770 /* ControllerBehaviorally.swift in Sources */ = {isa = PBXBuildFile; fileRef = 4D5964982A0967F30077D770 /* ControllerBehaviorally.swift */; };
		4D59649B2A0968470077D770 /* ApiManager.swift in Sources */ = {isa = PBXBuildFile; fileRef = 4D59649A2A0968470077D770 /* ApiManager.swift */; };
		4D5964A02A0968CC0077D770 /* KError.swift in Sources */ = {isa = PBXBuildFile; fileRef = 4D59649F2A0968CC0077D770 /* KError.swift */; };
		4D5964A32A0AB7AF0077D770 /* MainTabbarVC.swift in Sources */ = {isa = PBXBuildFile; fileRef = 4D5964A22A0AB7AF0077D770 /* MainTabbarVC.swift */; };
		4D5964A52A0AB8020077D770 /* MainCoordinator.swift in Sources */ = {isa = PBXBuildFile; fileRef = 4D5964A42A0AB8020077D770 /* MainCoordinator.swift */; };
		4D5964A82A0AB8830077D770 /* NSObject+Ext.swift in Sources */ = {isa = PBXBuildFile; fileRef = 4D5964A72A0AB8830077D770 /* NSObject+Ext.swift */; };
		4D5964AC2A0ABB000077D770 /* HomeVC.swift in Sources */ = {isa = PBXBuildFile; fileRef = 4D5964AB2A0ABB000077D770 /* HomeVC.swift */; };
		4D5964AE2A0ABB230077D770 /* BaseViewController.swift in Sources */ = {isa = PBXBuildFile; fileRef = 4D5964AD2A0ABB230077D770 /* BaseViewController.swift */; };
		4D5964B12A0ABC670077D770 /* HomeBuilder.swift in Sources */ = {isa = PBXBuildFile; fileRef = 4D5964B02A0ABC660077D770 /* HomeBuilder.swift */; };
		4D5964B42A0ABD500077D770 /* HomeCoordinator.swift in Sources */ = {isa = PBXBuildFile; fileRef = 4D5964B32A0ABD500077D770 /* HomeCoordinator.swift */; };
		4D5964B62A0ABF400077D770 /* AppCoordinator.swift in Sources */ = {isa = PBXBuildFile; fileRef = 4D5964B52A0ABF400077D770 /* AppCoordinator.swift */; };
		4D5964B92A0ADE3B0077D770 /* SplashVC.swift in Sources */ = {isa = PBXBuildFile; fileRef = 4D5964B82A0ADE3B0077D770 /* SplashVC.swift */; };
		4D5964BC2A0ADE950077D770 /* SplashBuilder.swift in Sources */ = {isa = PBXBuildFile; fileRef = 4D5964BB2A0ADE950077D770 /* SplashBuilder.swift */; };
		4D5964BE2A0AE55B0077D770 /* SplashVM.swift in Sources */ = {isa = PBXBuildFile; fileRef = 4D5964BD2A0AE55B0077D770 /* SplashVM.swift */; };
		4D5964C02A0AE6CF0077D770 /* SplashUIProvider.swift in Sources */ = {isa = PBXBuildFile; fileRef = 4D5964BF2A0AE6CF0077D770 /* SplashUIProvider.swift */; };
		4D5964C42A0B71E10077D770 /* FavoritesCoordinator.swift in Sources */ = {isa = PBXBuildFile; fileRef = 4D5964C32A0B71E10077D770 /* FavoritesCoordinator.swift */; };
		4D5964C72A0B74080077D770 /* FavoritesVC.swift in Sources */ = {isa = PBXBuildFile; fileRef = 4D5964C62A0B74080077D770 /* FavoritesVC.swift */; };
		4D5964CA2A0B754B0077D770 /* FavoritesBuilder.swift in Sources */ = {isa = PBXBuildFile; fileRef = 4D5964C92A0B754B0077D770 /* FavoritesBuilder.swift */; };
		4D5964CC2A0B76EF0077D770 /* HomeVM.swift in Sources */ = {isa = PBXBuildFile; fileRef = 4D5964CB2A0B76EF0077D770 /* HomeVM.swift */; };
		4D5964CE2A0B77780077D770 /* HomeListProvider.swift in Sources */ = {isa = PBXBuildFile; fileRef = 4D5964CD2A0B77780077D770 /* HomeListProvider.swift */; };
		4D5964D02A0B7D0E0077D770 /* UITableView+Ext.swift in Sources */ = {isa = PBXBuildFile; fileRef = 4D5964CF2A0B7D0E0077D770 /* UITableView+Ext.swift */; };
		4D5964D32A0B81F10077D770 /* HomeUseCase.swift in Sources */ = {isa = PBXBuildFile; fileRef = 4D5964D22A0B81F10077D770 /* HomeUseCase.swift */; };
		4D5964D52A0B82380077D770 /* GoogleRepoListService.swift in Sources */ = {isa = PBXBuildFile; fileRef = 4D5964D42A0B82380077D770 /* GoogleRepoListService.swift */; };
		4D5964D72A0B82C80077D770 /* GoogleRepoRequestEntity.swift in Sources */ = {isa = PBXBuildFile; fileRef = 4D5964D62A0B82C80077D770 /* GoogleRepoRequestEntity.swift */; };
		4D5964D92A0B86F40077D770 /* GoogleRepoListEntity.swift in Sources */ = {isa = PBXBuildFile; fileRef = 4D5964D82A0B86F40077D770 /* GoogleRepoListEntity.swift */; };
		4D5964DE2A0B8D680077D770 /* RepoItemCell.swift in Sources */ = {isa = PBXBuildFile; fileRef = 4D5964DD2A0B8D680077D770 /* RepoItemCell.swift */; };
		4D5964E02A0BA2FB0077D770 /* UIImageView+Ext.swift in Sources */ = {isa = PBXBuildFile; fileRef = 4D5964DF2A0BA2FB0077D770 /* UIImageView+Ext.swift */; };
		5F250F59ED05A92605B1E514 /* Pods_GitHubChallenge_GitHubChallengeUITests.framework in Frameworks */ = {isa = PBXBuildFile; fileRef = 16E9307EB535685E5EA85281 /* Pods_GitHubChallenge_GitHubChallengeUITests.framework */; };
		88F7BB819603AFC75680AA73 /* Pods_GitHubChallenge.framework in Frameworks */ = {isa = PBXBuildFile; fileRef = 4B689D7253BCFC0A57EC49D3 /* Pods_GitHubChallenge.framework */; };
/* End PBXBuildFile section */

/* Begin PBXContainerItemProxy section */
		4D59646C2A0955ED0077D770 /* PBXContainerItemProxy */ = {
			isa = PBXContainerItemProxy;
			containerPortal = 4D59644D2A0955EC0077D770 /* Project object */;
			proxyType = 1;
			remoteGlobalIDString = 4D5964542A0955EC0077D770;
			remoteInfo = GitHubChallenge;
		};
		4D5964762A0955EE0077D770 /* PBXContainerItemProxy */ = {
			isa = PBXContainerItemProxy;
			containerPortal = 4D59644D2A0955EC0077D770 /* Project object */;
			proxyType = 1;
			remoteGlobalIDString = 4D5964542A0955EC0077D770;
			remoteInfo = GitHubChallenge;
		};
/* End PBXContainerItemProxy section */

/* Begin PBXFileReference section */
		0429817B601B7DC91C26E452 /* Pods_GitHubChallengeTests.framework */ = {isa = PBXFileReference; explicitFileType = wrapper.framework; includeInIndex = 0; path = Pods_GitHubChallengeTests.framework; sourceTree = BUILT_PRODUCTS_DIR; };
		16E9307EB535685E5EA85281 /* Pods_GitHubChallenge_GitHubChallengeUITests.framework */ = {isa = PBXFileReference; explicitFileType = wrapper.framework; includeInIndex = 0; path = Pods_GitHubChallenge_GitHubChallengeUITests.framework; sourceTree = BUILT_PRODUCTS_DIR; };
		4B689D7253BCFC0A57EC49D3 /* Pods_GitHubChallenge.framework */ = {isa = PBXFileReference; explicitFileType = wrapper.framework; includeInIndex = 0; path = Pods_GitHubChallenge.framework; sourceTree = BUILT_PRODUCTS_DIR; };
		4D5964552A0955EC0077D770 /* GitHubChallenge.app */ = {isa = PBXFileReference; explicitFileType = wrapper.application; includeInIndex = 0; path = GitHubChallenge.app; sourceTree = BUILT_PRODUCTS_DIR; };
		4D5964582A0955EC0077D770 /* AppDelegate.swift */ = {isa = PBXFileReference; lastKnownFileType = sourcecode.swift; path = AppDelegate.swift; sourceTree = "<group>"; };
		4D5964612A0955ED0077D770 /* Assets.xcassets */ = {isa = PBXFileReference; lastKnownFileType = folder.assetcatalog; path = Assets.xcassets; sourceTree = "<group>"; };
		4D5964642A0955ED0077D770 /* Base */ = {isa = PBXFileReference; lastKnownFileType = file.storyboard; name = Base; path = Base.lproj/LaunchScreen.storyboard; sourceTree = "<group>"; };
		4D5964662A0955ED0077D770 /* Info.plist */ = {isa = PBXFileReference; lastKnownFileType = text.plist.xml; path = Info.plist; sourceTree = "<group>"; };
		4D59646B2A0955ED0077D770 /* GitHubChallengeTests.xctest */ = {isa = PBXFileReference; explicitFileType = wrapper.cfbundle; includeInIndex = 0; path = GitHubChallengeTests.xctest; sourceTree = BUILT_PRODUCTS_DIR; };
		4D59646F2A0955ED0077D770 /* GitHubChallengeTests.swift */ = {isa = PBXFileReference; lastKnownFileType = sourcecode.swift; path = GitHubChallengeTests.swift; sourceTree = "<group>"; };
		4D5964752A0955EE0077D770 /* GitHubChallengeUITests.xctest */ = {isa = PBXFileReference; explicitFileType = wrapper.cfbundle; includeInIndex = 0; path = GitHubChallengeUITests.xctest; sourceTree = BUILT_PRODUCTS_DIR; };
		4D5964792A0955EE0077D770 /* GitHubChallengeUITests.swift */ = {isa = PBXFileReference; lastKnownFileType = sourcecode.swift; path = GitHubChallengeUITests.swift; sourceTree = "<group>"; };
		4D59647B2A0955EE0077D770 /* GitHubChallengeUITestsLaunchTests.swift */ = {isa = PBXFileReference; lastKnownFileType = sourcecode.swift; path = GitHubChallengeUITestsLaunchTests.swift; sourceTree = "<group>"; };
		4D5964922A0966C50077D770 /* Coordinator.swift */ = {isa = PBXFileReference; lastKnownFileType = sourcecode.swift; name = Coordinator.swift; path = ../../../Coordinator.swift; sourceTree = "<group>"; };
		4D5964942A09671C0077D770 /* ViewModel.swift */ = {isa = PBXFileReference; lastKnownFileType = sourcecode.swift; path = ViewModel.swift; sourceTree = "<group>"; };
		4D5964962A09679F0077D770 /* TableViewProvider.swift */ = {isa = PBXFileReference; lastKnownFileType = sourcecode.swift; path = TableViewProvider.swift; sourceTree = "<group>"; };
		4D5964982A0967F30077D770 /* ControllerBehaviorally.swift */ = {isa = PBXFileReference; lastKnownFileType = sourcecode.swift; path = ControllerBehaviorally.swift; sourceTree = "<group>"; };
		4D59649A2A0968470077D770 /* ApiManager.swift */ = {isa = PBXFileReference; lastKnownFileType = sourcecode.swift; path = ApiManager.swift; sourceTree = "<group>"; };
		4D59649F2A0968CC0077D770 /* KError.swift */ = {isa = PBXFileReference; lastKnownFileType = sourcecode.swift; path = KError.swift; sourceTree = "<group>"; };
		4D5964A22A0AB7AF0077D770 /* MainTabbarVC.swift */ = {isa = PBXFileReference; lastKnownFileType = sourcecode.swift; path = MainTabbarVC.swift; sourceTree = "<group>"; };
		4D5964A42A0AB8020077D770 /* MainCoordinator.swift */ = {isa = PBXFileReference; lastKnownFileType = sourcecode.swift; path = MainCoordinator.swift; sourceTree = "<group>"; };
		4D5964A72A0AB8830077D770 /* NSObject+Ext.swift */ = {isa = PBXFileReference; lastKnownFileType = sourcecode.swift; path = "NSObject+Ext.swift"; sourceTree = "<group>"; };
		4D5964AB2A0ABB000077D770 /* HomeVC.swift */ = {isa = PBXFileReference; lastKnownFileType = sourcecode.swift; path = HomeVC.swift; sourceTree = "<group>"; };
		4D5964AD2A0ABB230077D770 /* BaseViewController.swift */ = {isa = PBXFileReference; lastKnownFileType = sourcecode.swift; path = BaseViewController.swift; sourceTree = "<group>"; };
		4D5964B02A0ABC660077D770 /* HomeBuilder.swift */ = {isa = PBXFileReference; lastKnownFileType = sourcecode.swift; path = HomeBuilder.swift; sourceTree = "<group>"; };
		4D5964B32A0ABD500077D770 /* HomeCoordinator.swift */ = {isa = PBXFileReference; lastKnownFileType = sourcecode.swift; path = HomeCoordinator.swift; sourceTree = "<group>"; };
		4D5964B52A0ABF400077D770 /* AppCoordinator.swift */ = {isa = PBXFileReference; lastKnownFileType = sourcecode.swift; path = AppCoordinator.swift; sourceTree = "<group>"; };
		4D5964B82A0ADE3B0077D770 /* SplashVC.swift */ = {isa = PBXFileReference; lastKnownFileType = sourcecode.swift; path = SplashVC.swift; sourceTree = "<group>"; };
		4D5964BB2A0ADE950077D770 /* SplashBuilder.swift */ = {isa = PBXFileReference; lastKnownFileType = sourcecode.swift; path = SplashBuilder.swift; sourceTree = "<group>"; };
		4D5964BD2A0AE55B0077D770 /* SplashVM.swift */ = {isa = PBXFileReference; lastKnownFileType = sourcecode.swift; path = SplashVM.swift; sourceTree = "<group>"; };
		4D5964BF2A0AE6CF0077D770 /* SplashUIProvider.swift */ = {isa = PBXFileReference; lastKnownFileType = sourcecode.swift; path = SplashUIProvider.swift; sourceTree = "<group>"; };
		4D5964C32A0B71E10077D770 /* FavoritesCoordinator.swift */ = {isa = PBXFileReference; lastKnownFileType = sourcecode.swift; path = FavoritesCoordinator.swift; sourceTree = "<group>"; };
		4D5964C62A0B74080077D770 /* FavoritesVC.swift */ = {isa = PBXFileReference; lastKnownFileType = sourcecode.swift; path = FavoritesVC.swift; sourceTree = "<group>"; };
		4D5964C92A0B754B0077D770 /* FavoritesBuilder.swift */ = {isa = PBXFileReference; lastKnownFileType = sourcecode.swift; path = FavoritesBuilder.swift; sourceTree = "<group>"; };
		4D5964CB2A0B76EF0077D770 /* HomeVM.swift */ = {isa = PBXFileReference; lastKnownFileType = sourcecode.swift; path = HomeVM.swift; sourceTree = "<group>"; };
		4D5964CD2A0B77780077D770 /* HomeListProvider.swift */ = {isa = PBXFileReference; lastKnownFileType = sourcecode.swift; path = HomeListProvider.swift; sourceTree = "<group>"; };
		4D5964CF2A0B7D0E0077D770 /* UITableView+Ext.swift */ = {isa = PBXFileReference; lastKnownFileType = sourcecode.swift; path = "UITableView+Ext.swift"; sourceTree = "<group>"; };
		4D5964D22A0B81F10077D770 /* HomeUseCase.swift */ = {isa = PBXFileReference; lastKnownFileType = sourcecode.swift; path = HomeUseCase.swift; sourceTree = "<group>"; };
		4D5964D42A0B82380077D770 /* GoogleRepoListService.swift */ = {isa = PBXFileReference; lastKnownFileType = sourcecode.swift; path = GoogleRepoListService.swift; sourceTree = "<group>"; };
		4D5964D62A0B82C80077D770 /* GoogleRepoRequestEntity.swift */ = {isa = PBXFileReference; lastKnownFileType = sourcecode.swift; path = GoogleRepoRequestEntity.swift; sourceTree = "<group>"; };
		4D5964D82A0B86F40077D770 /* GoogleRepoListEntity.swift */ = {isa = PBXFileReference; lastKnownFileType = sourcecode.swift; path = GoogleRepoListEntity.swift; sourceTree = "<group>"; };
		4D5964DD2A0B8D680077D770 /* RepoItemCell.swift */ = {isa = PBXFileReference; lastKnownFileType = sourcecode.swift; path = RepoItemCell.swift; sourceTree = "<group>"; };
		4D5964DF2A0BA2FB0077D770 /* UIImageView+Ext.swift */ = {isa = PBXFileReference; lastKnownFileType = sourcecode.swift; path = "UIImageView+Ext.swift"; sourceTree = "<group>"; };
		545946F7B45A7597279BE909 /* Pods-GitHubChallenge-GitHubChallengeUITests.debug.xcconfig */ = {isa = PBXFileReference; includeInIndex = 1; lastKnownFileType = text.xcconfig; name = "Pods-GitHubChallenge-GitHubChallengeUITests.debug.xcconfig"; path = "Target Support Files/Pods-GitHubChallenge-GitHubChallengeUITests/Pods-GitHubChallenge-GitHubChallengeUITests.debug.xcconfig"; sourceTree = "<group>"; };
		6F07A935BCFF67A483F34CB8 /* Pods-GitHubChallengeTests.release.xcconfig */ = {isa = PBXFileReference; includeInIndex = 1; lastKnownFileType = text.xcconfig; name = "Pods-GitHubChallengeTests.release.xcconfig"; path = "Target Support Files/Pods-GitHubChallengeTests/Pods-GitHubChallengeTests.release.xcconfig"; sourceTree = "<group>"; };
		9F23D553EAF1BEAEF6ED191E /* Pods-GitHubChallengeTests.debug.xcconfig */ = {isa = PBXFileReference; includeInIndex = 1; lastKnownFileType = text.xcconfig; name = "Pods-GitHubChallengeTests.debug.xcconfig"; path = "Target Support Files/Pods-GitHubChallengeTests/Pods-GitHubChallengeTests.debug.xcconfig"; sourceTree = "<group>"; };
		CA6894985A955C45D9D62870 /* Pods-GitHubChallenge.release.xcconfig */ = {isa = PBXFileReference; includeInIndex = 1; lastKnownFileType = text.xcconfig; name = "Pods-GitHubChallenge.release.xcconfig"; path = "Target Support Files/Pods-GitHubChallenge/Pods-GitHubChallenge.release.xcconfig"; sourceTree = "<group>"; };
		D522230C1144AD3911F8EF59 /* Pods-GitHubChallenge-GitHubChallengeUITests.release.xcconfig */ = {isa = PBXFileReference; includeInIndex = 1; lastKnownFileType = text.xcconfig; name = "Pods-GitHubChallenge-GitHubChallengeUITests.release.xcconfig"; path = "Target Support Files/Pods-GitHubChallenge-GitHubChallengeUITests/Pods-GitHubChallenge-GitHubChallengeUITests.release.xcconfig"; sourceTree = "<group>"; };
		F5340D70890F6A4D09D1296B /* Pods-GitHubChallenge.debug.xcconfig */ = {isa = PBXFileReference; includeInIndex = 1; lastKnownFileType = text.xcconfig; name = "Pods-GitHubChallenge.debug.xcconfig"; path = "Target Support Files/Pods-GitHubChallenge/Pods-GitHubChallenge.debug.xcconfig"; sourceTree = "<group>"; };
/* End PBXFileReference section */

/* Begin PBXFrameworksBuildPhase section */
		4D5964522A0955EC0077D770 /* Frameworks */ = {
			isa = PBXFrameworksBuildPhase;
			buildActionMask = 2147483647;
			files = (
				88F7BB819603AFC75680AA73 /* Pods_GitHubChallenge.framework in Frameworks */,
			);
			runOnlyForDeploymentPostprocessing = 0;
		};
		4D5964682A0955ED0077D770 /* Frameworks */ = {
			isa = PBXFrameworksBuildPhase;
			buildActionMask = 2147483647;
			files = (
				37A34F1C0BCED265515DD1FD /* Pods_GitHubChallengeTests.framework in Frameworks */,
			);
			runOnlyForDeploymentPostprocessing = 0;
		};
		4D5964722A0955EE0077D770 /* Frameworks */ = {
			isa = PBXFrameworksBuildPhase;
			buildActionMask = 2147483647;
			files = (
				5F250F59ED05A92605B1E514 /* Pods_GitHubChallenge_GitHubChallengeUITests.framework in Frameworks */,
			);
			runOnlyForDeploymentPostprocessing = 0;
		};
/* End PBXFrameworksBuildPhase section */

/* Begin PBXGroup section */
		4D59644C2A0955EC0077D770 = {
			isa = PBXGroup;
			children = (
				4D5964572A0955EC0077D770 /* GitHubChallenge */,
				4D59646E2A0955ED0077D770 /* GitHubChallengeTests */,
				4D5964782A0955EE0077D770 /* GitHubChallengeUITests */,
				4D5964562A0955EC0077D770 /* Products */,
				B5905A3B7270355884F0A74A /* Pods */,
				8CBEA64F98AF5CA526EAF7CB /* Frameworks */,
			);
			sourceTree = "<group>";
		};
		4D5964562A0955EC0077D770 /* Products */ = {
			isa = PBXGroup;
			children = (
				4D5964552A0955EC0077D770 /* GitHubChallenge.app */,
				4D59646B2A0955ED0077D770 /* GitHubChallengeTests.xctest */,
				4D5964752A0955EE0077D770 /* GitHubChallengeUITests.xctest */,
			);
			name = Products;
			sourceTree = "<group>";
		};
		4D5964572A0955EC0077D770 /* GitHubChallenge */ = {
			isa = PBXGroup;
			children = (
				4D5964912A0965E90077D770 /* Interfaces */,
				4D5964902A095FD20077D770 /* Resources */,
				4D59648F2A095FC60077D770 /* Utilities */,
				4D59648E2A095FBF0077D770 /* Managers */,
				4D59648D2A095C830077D770 /* Coordinator */,
				4D5964DA2A0B8D280077D770 /* Views */,
				4D5964882A095C5D0077D770 /* Layers */,
				4D5964582A0955EC0077D770 /* AppDelegate.swift */,
				4D5964612A0955ED0077D770 /* Assets.xcassets */,
				4D5964632A0955ED0077D770 /* LaunchScreen.storyboard */,
				4D5964662A0955ED0077D770 /* Info.plist */,
			);
			path = GitHubChallenge;
			sourceTree = "<group>";
		};
		4D59646E2A0955ED0077D770 /* GitHubChallengeTests */ = {
			isa = PBXGroup;
			children = (
				4D59646F2A0955ED0077D770 /* GitHubChallengeTests.swift */,
			);
			path = GitHubChallengeTests;
			sourceTree = "<group>";
		};
		4D5964782A0955EE0077D770 /* GitHubChallengeUITests */ = {
			isa = PBXGroup;
			children = (
				4D5964792A0955EE0077D770 /* GitHubChallengeUITests.swift */,
				4D59647B2A0955EE0077D770 /* GitHubChallengeUITestsLaunchTests.swift */,
			);
			path = GitHubChallengeUITests;
			sourceTree = "<group>";
		};
		4D5964882A095C5D0077D770 /* Layers */ = {
			isa = PBXGroup;
			children = (
				4D5964892A095C640077D770 /* Remotes */,
				4D59649C2A0968A90077D770 /* DataStore */,
				4D59648A2A095C6B0077D770 /* Domain */,
				4D59648B2A095C710077D770 /* Presentation */,
				4D59648C2A095C7B0077D770 /* Builders */,
			);
			path = Layers;
			sourceTree = "<group>";
		};
		4D5964892A095C640077D770 /* Remotes */ = {
			isa = PBXGroup;
			children = (
				4D5964D42A0B82380077D770 /* GoogleRepoListService.swift */,
			);
			path = Remotes;
			sourceTree = "<group>";
		};
		4D59648A2A095C6B0077D770 /* Domain */ = {
			isa = PBXGroup;
			children = (
				4D5964D12A0B81D60077D770 /* UseCases */,
			);
			path = Domain;
			sourceTree = "<group>";
		};
		4D59648B2A095C710077D770 /* Presentation */ = {
			isa = PBXGroup;
			children = (
				4D5964B72A0ADE160077D770 /* Splash */,
				4D5964C52A0B73E60077D770 /* Favorites */,
				4D5964AA2A0ABAD30077D770 /* Home */,
				4D5964A92A0AB9FD0077D770 /* Tabbar */,
			);
			path = Presentation;
			sourceTree = "<group>";
		};
		4D59648C2A095C7B0077D770 /* Builders */ = {
			isa = PBXGroup;
			children = (
				4D5964C82A0B75380077D770 /* Favorites */,
				4D5964BA2A0ADE840077D770 /* Splash */,
				4D5964AF2A0ABC2B0077D770 /* Home */,
			);
			path = Builders;
			sourceTree = "<group>";
		};
		4D59648D2A095C830077D770 /* Coordinator */ = {
			isa = PBXGroup;
			children = (
				4D5964B52A0ABF400077D770 /* AppCoordinator.swift */,
				4D5964A42A0AB8020077D770 /* MainCoordinator.swift */,
				4D5964B32A0ABD500077D770 /* HomeCoordinator.swift */,
				4D5964C32A0B71E10077D770 /* FavoritesCoordinator.swift */,
			);
			path = Coordinator;
			sourceTree = "<group>";
		};
		4D59648E2A095FBF0077D770 /* Managers */ = {
			isa = PBXGroup;
			children = (
				4D59649A2A0968470077D770 /* ApiManager.swift */,
			);
			path = Managers;
			sourceTree = "<group>";
		};
		4D59648F2A095FC60077D770 /* Utilities */ = {
			isa = PBXGroup;
			children = (
				4D5964A62A0AB8730077D770 /* Extensions */,
				4D5964A12A0AB7730077D770 /* Base */,
			);
			path = Utilities;
			sourceTree = "<group>";
		};
		4D5964902A095FD20077D770 /* Resources */ = {
			isa = PBXGroup;
			children = (
			);
			path = Resources;
			sourceTree = "<group>";
		};
		4D5964912A0965E90077D770 /* Interfaces */ = {
			isa = PBXGroup;
			children = (
				4D5964922A0966C50077D770 /* Coordinator.swift */,
				4D5964942A09671C0077D770 /* ViewModel.swift */,
				4D5964962A09679F0077D770 /* TableViewProvider.swift */,
				4D5964982A0967F30077D770 /* ControllerBehaviorally.swift */,
			);
			path = Interfaces;
			sourceTree = "<group>";
		};
		4D59649C2A0968A90077D770 /* DataStore */ = {
			isa = PBXGroup;
			children = (
				4D59649E2A0968B90077D770 /* Output */,
				4D59649D2A0968B30077D770 /* Input */,
				4D59649F2A0968CC0077D770 /* KError.swift */,
			);
			path = DataStore;
			sourceTree = "<group>";
		};
		4D59649D2A0968B30077D770 /* Input */ = {
			isa = PBXGroup;
			children = (
				4D5964D62A0B82C80077D770 /* GoogleRepoRequestEntity.swift */,
			);
			path = Input;
			sourceTree = "<group>";
		};
		4D59649E2A0968B90077D770 /* Output */ = {
			isa = PBXGroup;
			children = (
				4D5964D82A0B86F40077D770 /* GoogleRepoListEntity.swift */,
			);
			path = Output;
			sourceTree = "<group>";
		};
		4D5964A12A0AB7730077D770 /* Base */ = {
			isa = PBXGroup;
			children = (
				4D5964AD2A0ABB230077D770 /* BaseViewController.swift */,
			);
			path = Base;
			sourceTree = "<group>";
		};
		4D5964A62A0AB8730077D770 /* Extensions */ = {
			isa = PBXGroup;
			children = (
				4D5964A72A0AB8830077D770 /* NSObject+Ext.swift */,
				4D5964CF2A0B7D0E0077D770 /* UITableView+Ext.swift */,
				4D5964DF2A0BA2FB0077D770 /* UIImageView+Ext.swift */,
			);
			path = Extensions;
			sourceTree = "<group>";
		};
		4D5964A92A0AB9FD0077D770 /* Tabbar */ = {
			isa = PBXGroup;
			children = (
				4D5964A22A0AB7AF0077D770 /* MainTabbarVC.swift */,
			);
			path = Tabbar;
			sourceTree = "<group>";
		};
		4D5964AA2A0ABAD30077D770 /* Home */ = {
			isa = PBXGroup;
			children = (
				4D5964AB2A0ABB000077D770 /* HomeVC.swift */,
				4D5964CB2A0B76EF0077D770 /* HomeVM.swift */,
				4D5964CD2A0B77780077D770 /* HomeListProvider.swift */,
			);
			path = Home;
			sourceTree = "<group>";
		};
		4D5964AF2A0ABC2B0077D770 /* Home */ = {
			isa = PBXGroup;
			children = (
				4D5964B02A0ABC660077D770 /* HomeBuilder.swift */,
			);
			path = Home;
			sourceTree = "<group>";
		};
		4D5964B72A0ADE160077D770 /* Splash */ = {
			isa = PBXGroup;
			children = (
				4D5964B82A0ADE3B0077D770 /* SplashVC.swift */,
				4D5964BD2A0AE55B0077D770 /* SplashVM.swift */,
				4D5964BF2A0AE6CF0077D770 /* SplashUIProvider.swift */,
			);
			path = Splash;
			sourceTree = "<group>";
		};
		4D5964BA2A0ADE840077D770 /* Splash */ = {
			isa = PBXGroup;
			children = (
				4D5964BB2A0ADE950077D770 /* SplashBuilder.swift */,
			);
			path = Splash;
			sourceTree = "<group>";
		};
		4D5964C52A0B73E60077D770 /* Favorites */ = {
			isa = PBXGroup;
			children = (
				4D5964C62A0B74080077D770 /* FavoritesVC.swift */,
			);
			path = Favorites;
			sourceTree = "<group>";
		};
		4D5964C82A0B75380077D770 /* Favorites */ = {
			isa = PBXGroup;
			children = (
				4D5964C92A0B754B0077D770 /* FavoritesBuilder.swift */,
			);
			path = Favorites;
			sourceTree = "<group>";
		};
		4D5964D12A0B81D60077D770 /* UseCases */ = {
			isa = PBXGroup;
			children = (
				4D5964D22A0B81F10077D770 /* HomeUseCase.swift */,
			);
			path = UseCases;
			sourceTree = "<group>";
		};
		4D5964DA2A0B8D280077D770 /* Views */ = {
			isa = PBXGroup;
			children = (
				4D5964DB2A0B8D380077D770 /* Home */,
			);
			path = Views;
			sourceTree = "<group>";
		};
		4D5964DB2A0B8D380077D770 /* Home */ = {
			isa = PBXGroup;
			children = (
				4D5964DC2A0B8D3D0077D770 /* Cells */,
			);
			path = Home;
			sourceTree = "<group>";
		};
		4D5964DC2A0B8D3D0077D770 /* Cells */ = {
			isa = PBXGroup;
			children = (
				4D5964DD2A0B8D680077D770 /* RepoItemCell.swift */,
			);
			path = Cells;
			sourceTree = "<group>";
		};
		8CBEA64F98AF5CA526EAF7CB /* Frameworks */ = {
			isa = PBXGroup;
			children = (
				4B689D7253BCFC0A57EC49D3 /* Pods_GitHubChallenge.framework */,
				16E9307EB535685E5EA85281 /* Pods_GitHubChallenge_GitHubChallengeUITests.framework */,
				0429817B601B7DC91C26E452 /* Pods_GitHubChallengeTests.framework */,
			);
			name = Frameworks;
			sourceTree = "<group>";
		};
		B5905A3B7270355884F0A74A /* Pods */ = {
			isa = PBXGroup;
			children = (
				F5340D70890F6A4D09D1296B /* Pods-GitHubChallenge.debug.xcconfig */,
				CA6894985A955C45D9D62870 /* Pods-GitHubChallenge.release.xcconfig */,
				545946F7B45A7597279BE909 /* Pods-GitHubChallenge-GitHubChallengeUITests.debug.xcconfig */,
				D522230C1144AD3911F8EF59 /* Pods-GitHubChallenge-GitHubChallengeUITests.release.xcconfig */,
				9F23D553EAF1BEAEF6ED191E /* Pods-GitHubChallengeTests.debug.xcconfig */,
				6F07A935BCFF67A483F34CB8 /* Pods-GitHubChallengeTests.release.xcconfig */,
			);
			path = Pods;
			sourceTree = "<group>";
		};
/* End PBXGroup section */

/* Begin PBXNativeTarget section */
		4D5964542A0955EC0077D770 /* GitHubChallenge */ = {
			isa = PBXNativeTarget;
			buildConfigurationList = 4D59647F2A0955EE0077D770 /* Build configuration list for PBXNativeTarget "GitHubChallenge" */;
			buildPhases = (
				59C12812EDACC2DFD23D2FBB /* [CP] Check Pods Manifest.lock */,
				4D5964512A0955EC0077D770 /* Sources */,
				4D5964522A0955EC0077D770 /* Frameworks */,
				4D5964532A0955EC0077D770 /* Resources */,
				671402254A03AE44B115332A /* [CP] Embed Pods Frameworks */,
			);
			buildRules = (
			);
			dependencies = (
			);
			name = GitHubChallenge;
			productName = GitHubChallenge;
			productReference = 4D5964552A0955EC0077D770 /* GitHubChallenge.app */;
			productType = "com.apple.product-type.application";
		};
		4D59646A2A0955ED0077D770 /* GitHubChallengeTests */ = {
			isa = PBXNativeTarget;
			buildConfigurationList = 4D5964822A0955EE0077D770 /* Build configuration list for PBXNativeTarget "GitHubChallengeTests" */;
			buildPhases = (
				8625426598A7AA7ECE9618B7 /* [CP] Check Pods Manifest.lock */,
				4D5964672A0955ED0077D770 /* Sources */,
				4D5964682A0955ED0077D770 /* Frameworks */,
				4D5964692A0955ED0077D770 /* Resources */,
			);
			buildRules = (
			);
			dependencies = (
				4D59646D2A0955ED0077D770 /* PBXTargetDependency */,
			);
			name = GitHubChallengeTests;
			productName = GitHubChallengeTests;
			productReference = 4D59646B2A0955ED0077D770 /* GitHubChallengeTests.xctest */;
			productType = "com.apple.product-type.bundle.unit-test";
		};
		4D5964742A0955EE0077D770 /* GitHubChallengeUITests */ = {
			isa = PBXNativeTarget;
			buildConfigurationList = 4D5964852A0955EE0077D770 /* Build configuration list for PBXNativeTarget "GitHubChallengeUITests" */;
			buildPhases = (
				14793EC0862BEE39A2B4B668 /* [CP] Check Pods Manifest.lock */,
				4D5964712A0955EE0077D770 /* Sources */,
				4D5964722A0955EE0077D770 /* Frameworks */,
				4D5964732A0955EE0077D770 /* Resources */,
				F4B1EE1A8F103454B74C45E8 /* [CP] Embed Pods Frameworks */,
			);
			buildRules = (
			);
			dependencies = (
				4D5964772A0955EE0077D770 /* PBXTargetDependency */,
			);
			name = GitHubChallengeUITests;
			productName = GitHubChallengeUITests;
			productReference = 4D5964752A0955EE0077D770 /* GitHubChallengeUITests.xctest */;
			productType = "com.apple.product-type.bundle.ui-testing";
		};
/* End PBXNativeTarget section */

/* Begin PBXProject section */
		4D59644D2A0955EC0077D770 /* Project object */ = {
			isa = PBXProject;
			attributes = {
				BuildIndependentTargetsInParallel = 1;
				LastSwiftUpdateCheck = 1430;
				LastUpgradeCheck = 1430;
				TargetAttributes = {
					4D5964542A0955EC0077D770 = {
						CreatedOnToolsVersion = 14.3;
					};
					4D59646A2A0955ED0077D770 = {
						CreatedOnToolsVersion = 14.3;
						TestTargetID = 4D5964542A0955EC0077D770;
					};
					4D5964742A0955EE0077D770 = {
						CreatedOnToolsVersion = 14.3;
						TestTargetID = 4D5964542A0955EC0077D770;
					};
				};
			};
			buildConfigurationList = 4D5964502A0955EC0077D770 /* Build configuration list for PBXProject "GitHubChallenge" */;
			compatibilityVersion = "Xcode 14.0";
			developmentRegion = en;
			hasScannedForEncodings = 0;
			knownRegions = (
				en,
				Base,
			);
			mainGroup = 4D59644C2A0955EC0077D770;
			productRefGroup = 4D5964562A0955EC0077D770 /* Products */;
			projectDirPath = "";
			projectRoot = "";
			targets = (
				4D5964542A0955EC0077D770 /* GitHubChallenge */,
				4D59646A2A0955ED0077D770 /* GitHubChallengeTests */,
				4D5964742A0955EE0077D770 /* GitHubChallengeUITests */,
			);
		};
/* End PBXProject section */

/* Begin PBXResourcesBuildPhase section */
		4D5964532A0955EC0077D770 /* Resources */ = {
			isa = PBXResourcesBuildPhase;
			buildActionMask = 2147483647;
			files = (
				4D5964652A0955ED0077D770 /* LaunchScreen.storyboard in Resources */,
				4D5964622A0955ED0077D770 /* Assets.xcassets in Resources */,
			);
			runOnlyForDeploymentPostprocessing = 0;
		};
		4D5964692A0955ED0077D770 /* Resources */ = {
			isa = PBXResourcesBuildPhase;
			buildActionMask = 2147483647;
			files = (
			);
			runOnlyForDeploymentPostprocessing = 0;
		};
		4D5964732A0955EE0077D770 /* Resources */ = {
			isa = PBXResourcesBuildPhase;
			buildActionMask = 2147483647;
			files = (
			);
			runOnlyForDeploymentPostprocessing = 0;
		};
/* End PBXResourcesBuildPhase section */

/* Begin PBXShellScriptBuildPhase section */
		14793EC0862BEE39A2B4B668 /* [CP] Check Pods Manifest.lock */ = {
			isa = PBXShellScriptBuildPhase;
			buildActionMask = 2147483647;
			files = (
			);
			inputFileListPaths = (
			);
			inputPaths = (
				"${PODS_PODFILE_DIR_PATH}/Podfile.lock",
				"${PODS_ROOT}/Manifest.lock",
			);
			name = "[CP] Check Pods Manifest.lock";
			outputFileListPaths = (
			);
			outputPaths = (
				"$(DERIVED_FILE_DIR)/Pods-GitHubChallenge-GitHubChallengeUITests-checkManifestLockResult.txt",
			);
			runOnlyForDeploymentPostprocessing = 0;
			shellPath = /bin/sh;
			shellScript = "diff \"${PODS_PODFILE_DIR_PATH}/Podfile.lock\" \"${PODS_ROOT}/Manifest.lock\" > /dev/null\nif [ $? != 0 ] ; then\n    # print error to STDERR\n    echo \"error: The sandbox is not in sync with the Podfile.lock. Run 'pod install' or update your CocoaPods installation.\" >&2\n    exit 1\nfi\n# This output is used by Xcode 'outputs' to avoid re-running this script phase.\necho \"SUCCESS\" > \"${SCRIPT_OUTPUT_FILE_0}\"\n";
			showEnvVarsInLog = 0;
		};
		59C12812EDACC2DFD23D2FBB /* [CP] Check Pods Manifest.lock */ = {
			isa = PBXShellScriptBuildPhase;
			buildActionMask = 2147483647;
			files = (
			);
			inputFileListPaths = (
			);
			inputPaths = (
				"${PODS_PODFILE_DIR_PATH}/Podfile.lock",
				"${PODS_ROOT}/Manifest.lock",
			);
			name = "[CP] Check Pods Manifest.lock";
			outputFileListPaths = (
			);
			outputPaths = (
				"$(DERIVED_FILE_DIR)/Pods-GitHubChallenge-checkManifestLockResult.txt",
			);
			runOnlyForDeploymentPostprocessing = 0;
			shellPath = /bin/sh;
			shellScript = "diff \"${PODS_PODFILE_DIR_PATH}/Podfile.lock\" \"${PODS_ROOT}/Manifest.lock\" > /dev/null\nif [ $? != 0 ] ; then\n    # print error to STDERR\n    echo \"error: The sandbox is not in sync with the Podfile.lock. Run 'pod install' or update your CocoaPods installation.\" >&2\n    exit 1\nfi\n# This output is used by Xcode 'outputs' to avoid re-running this script phase.\necho \"SUCCESS\" > \"${SCRIPT_OUTPUT_FILE_0}\"\n";
			showEnvVarsInLog = 0;
		};
		671402254A03AE44B115332A /* [CP] Embed Pods Frameworks */ = {
			isa = PBXShellScriptBuildPhase;
			buildActionMask = 2147483647;
			files = (
			);
			inputFileListPaths = (
				"${PODS_ROOT}/Target Support Files/Pods-GitHubChallenge/Pods-GitHubChallenge-frameworks-${CONFIGURATION}-input-files.xcfilelist",
			);
			name = "[CP] Embed Pods Frameworks";
			outputFileListPaths = (
				"${PODS_ROOT}/Target Support Files/Pods-GitHubChallenge/Pods-GitHubChallenge-frameworks-${CONFIGURATION}-output-files.xcfilelist",
			);
			runOnlyForDeploymentPostprocessing = 0;
			shellPath = /bin/sh;
			shellScript = "\"${PODS_ROOT}/Target Support Files/Pods-GitHubChallenge/Pods-GitHubChallenge-frameworks.sh\"\n";
			showEnvVarsInLog = 0;
		};
		8625426598A7AA7ECE9618B7 /* [CP] Check Pods Manifest.lock */ = {
			isa = PBXShellScriptBuildPhase;
			buildActionMask = 2147483647;
			files = (
			);
			inputFileListPaths = (
			);
			inputPaths = (
				"${PODS_PODFILE_DIR_PATH}/Podfile.lock",
				"${PODS_ROOT}/Manifest.lock",
			);
			name = "[CP] Check Pods Manifest.lock";
			outputFileListPaths = (
			);
			outputPaths = (
				"$(DERIVED_FILE_DIR)/Pods-GitHubChallengeTests-checkManifestLockResult.txt",
			);
			runOnlyForDeploymentPostprocessing = 0;
			shellPath = /bin/sh;
			shellScript = "diff \"${PODS_PODFILE_DIR_PATH}/Podfile.lock\" \"${PODS_ROOT}/Manifest.lock\" > /dev/null\nif [ $? != 0 ] ; then\n    # print error to STDERR\n    echo \"error: The sandbox is not in sync with the Podfile.lock. Run 'pod install' or update your CocoaPods installation.\" >&2\n    exit 1\nfi\n# This output is used by Xcode 'outputs' to avoid re-running this script phase.\necho \"SUCCESS\" > \"${SCRIPT_OUTPUT_FILE_0}\"\n";
			showEnvVarsInLog = 0;
		};
		F4B1EE1A8F103454B74C45E8 /* [CP] Embed Pods Frameworks */ = {
			isa = PBXShellScriptBuildPhase;
			buildActionMask = 2147483647;
			files = (
			);
			inputFileListPaths = (
				"${PODS_ROOT}/Target Support Files/Pods-GitHubChallenge-GitHubChallengeUITests/Pods-GitHubChallenge-GitHubChallengeUITests-frameworks-${CONFIGURATION}-input-files.xcfilelist",
			);
			name = "[CP] Embed Pods Frameworks";
			outputFileListPaths = (
				"${PODS_ROOT}/Target Support Files/Pods-GitHubChallenge-GitHubChallengeUITests/Pods-GitHubChallenge-GitHubChallengeUITests-frameworks-${CONFIGURATION}-output-files.xcfilelist",
			);
			runOnlyForDeploymentPostprocessing = 0;
			shellPath = /bin/sh;
			shellScript = "\"${PODS_ROOT}/Target Support Files/Pods-GitHubChallenge-GitHubChallengeUITests/Pods-GitHubChallenge-GitHubChallengeUITests-frameworks.sh\"\n";
			showEnvVarsInLog = 0;
		};
/* End PBXShellScriptBuildPhase section */

/* Begin PBXSourcesBuildPhase section */
		4D5964512A0955EC0077D770 /* Sources */ = {
			isa = PBXSourcesBuildPhase;
			buildActionMask = 2147483647;
			files = (
				4D5964AE2A0ABB230077D770 /* BaseViewController.swift in Sources */,
				4D5964B42A0ABD500077D770 /* HomeCoordinator.swift in Sources */,
				4D5964A82A0AB8830077D770 /* NSObject+Ext.swift in Sources */,
				4D5964972A09679F0077D770 /* TableViewProvider.swift in Sources */,
				4D5964C42A0B71E10077D770 /* FavoritesCoordinator.swift in Sources */,
				4D5964592A0955EC0077D770 /* AppDelegate.swift in Sources */,
				4D5964D52A0B82380077D770 /* GoogleRepoListService.swift in Sources */,
				4D5964A52A0AB8020077D770 /* MainCoordinator.swift in Sources */,
				4D5964D02A0B7D0E0077D770 /* UITableView+Ext.swift in Sources */,
				4D5964D72A0B82C80077D770 /* GoogleRepoRequestEntity.swift in Sources */,
				4D5964BC2A0ADE950077D770 /* SplashBuilder.swift in Sources */,
				4D5964A32A0AB7AF0077D770 /* MainTabbarVC.swift in Sources */,
				4D5964CE2A0B77780077D770 /* HomeListProvider.swift in Sources */,
				4D59649B2A0968470077D770 /* ApiManager.swift in Sources */,
				4D5964D32A0B81F10077D770 /* HomeUseCase.swift in Sources */,
				4D5964A02A0968CC0077D770 /* KError.swift in Sources */,
				4D5964DE2A0B8D680077D770 /* RepoItemCell.swift in Sources */,
				4D5964C72A0B74080077D770 /* FavoritesVC.swift in Sources */,
				4D5964952A09671C0077D770 /* ViewModel.swift in Sources */,
				4D5964B12A0ABC670077D770 /* HomeBuilder.swift in Sources */,
				4D5964E02A0BA2FB0077D770 /* UIImageView+Ext.swift in Sources */,
				4D5964AC2A0ABB000077D770 /* HomeVC.swift in Sources */,
				4D5964B62A0ABF400077D770 /* AppCoordinator.swift in Sources */,
				4D5964B92A0ADE3B0077D770 /* SplashVC.swift in Sources */,
				4D5964CC2A0B76EF0077D770 /* HomeVM.swift in Sources */,
				4D5964C02A0AE6CF0077D770 /* SplashUIProvider.swift in Sources */,
				4D5964932A0966C50077D770 /* Coordinator.swift in Sources */,
				4D5964992A0967F30077D770 /* ControllerBehaviorally.swift in Sources */,
				4D5964BE2A0AE55B0077D770 /* SplashVM.swift in Sources */,
				4D5964CA2A0B754B0077D770 /* FavoritesBuilder.swift in Sources */,
				4D5964D92A0B86F40077D770 /* GoogleRepoListEntity.swift in Sources */,
			);
			runOnlyForDeploymentPostprocessing = 0;
		};
		4D5964672A0955ED0077D770 /* Sources */ = {
			isa = PBXSourcesBuildPhase;
			buildActionMask = 2147483647;
			files = (
				4D5964702A0955ED0077D770 /* GitHubChallengeTests.swift in Sources */,
			);
			runOnlyForDeploymentPostprocessing = 0;
		};
		4D5964712A0955EE0077D770 /* Sources */ = {
			isa = PBXSourcesBuildPhase;
			buildActionMask = 2147483647;
			files = (
				4D59647A2A0955EE0077D770 /* GitHubChallengeUITests.swift in Sources */,
				4D59647C2A0955EE0077D770 /* GitHubChallengeUITestsLaunchTests.swift in Sources */,
			);
			runOnlyForDeploymentPostprocessing = 0;
		};
/* End PBXSourcesBuildPhase section */

/* Begin PBXTargetDependency section */
		4D59646D2A0955ED0077D770 /* PBXTargetDependency */ = {
			isa = PBXTargetDependency;
			target = 4D5964542A0955EC0077D770 /* GitHubChallenge */;
			targetProxy = 4D59646C2A0955ED0077D770 /* PBXContainerItemProxy */;
		};
		4D5964772A0955EE0077D770 /* PBXTargetDependency */ = {
			isa = PBXTargetDependency;
			target = 4D5964542A0955EC0077D770 /* GitHubChallenge */;
			targetProxy = 4D5964762A0955EE0077D770 /* PBXContainerItemProxy */;
		};
/* End PBXTargetDependency section */

/* Begin PBXVariantGroup section */
		4D5964632A0955ED0077D770 /* LaunchScreen.storyboard */ = {
			isa = PBXVariantGroup;
			children = (
				4D5964642A0955ED0077D770 /* Base */,
			);
			name = LaunchScreen.storyboard;
			sourceTree = "<group>";
		};
/* End PBXVariantGroup section */

/* Begin XCBuildConfiguration section */
		4D59647D2A0955EE0077D770 /* Debug */ = {
			isa = XCBuildConfiguration;
			buildSettings = {
				ALWAYS_SEARCH_USER_PATHS = NO;
				CLANG_ANALYZER_NONNULL = YES;
				CLANG_ANALYZER_NUMBER_OBJECT_CONVERSION = YES_AGGRESSIVE;
				CLANG_CXX_LANGUAGE_STANDARD = "gnu++20";
				CLANG_ENABLE_MODULES = YES;
				CLANG_ENABLE_OBJC_ARC = YES;
				CLANG_ENABLE_OBJC_WEAK = YES;
				CLANG_WARN_BLOCK_CAPTURE_AUTORELEASING = YES;
				CLANG_WARN_BOOL_CONVERSION = YES;
				CLANG_WARN_COMMA = YES;
				CLANG_WARN_CONSTANT_CONVERSION = YES;
				CLANG_WARN_DEPRECATED_OBJC_IMPLEMENTATIONS = YES;
				CLANG_WARN_DIRECT_OBJC_ISA_USAGE = YES_ERROR;
				CLANG_WARN_DOCUMENTATION_COMMENTS = YES;
				CLANG_WARN_EMPTY_BODY = YES;
				CLANG_WARN_ENUM_CONVERSION = YES;
				CLANG_WARN_INFINITE_RECURSION = YES;
				CLANG_WARN_INT_CONVERSION = YES;
				CLANG_WARN_NON_LITERAL_NULL_CONVERSION = YES;
				CLANG_WARN_OBJC_IMPLICIT_RETAIN_SELF = YES;
				CLANG_WARN_OBJC_LITERAL_CONVERSION = YES;
				CLANG_WARN_OBJC_ROOT_CLASS = YES_ERROR;
				CLANG_WARN_QUOTED_INCLUDE_IN_FRAMEWORK_HEADER = YES;
				CLANG_WARN_RANGE_LOOP_ANALYSIS = YES;
				CLANG_WARN_STRICT_PROTOTYPES = YES;
				CLANG_WARN_SUSPICIOUS_MOVE = YES;
				CLANG_WARN_UNGUARDED_AVAILABILITY = YES_AGGRESSIVE;
				CLANG_WARN_UNREACHABLE_CODE = YES;
				CLANG_WARN__DUPLICATE_METHOD_MATCH = YES;
				COPY_PHASE_STRIP = NO;
				DEBUG_INFORMATION_FORMAT = dwarf;
				ENABLE_STRICT_OBJC_MSGSEND = YES;
				ENABLE_TESTABILITY = YES;
				GCC_C_LANGUAGE_STANDARD = gnu11;
				GCC_DYNAMIC_NO_PIC = NO;
				GCC_NO_COMMON_BLOCKS = YES;
				GCC_OPTIMIZATION_LEVEL = 0;
				GCC_PREPROCESSOR_DEFINITIONS = (
					"DEBUG=1",
					"$(inherited)",
				);
				GCC_WARN_64_TO_32_BIT_CONVERSION = YES;
				GCC_WARN_ABOUT_RETURN_TYPE = YES_ERROR;
				GCC_WARN_UNDECLARED_SELECTOR = YES;
				GCC_WARN_UNINITIALIZED_AUTOS = YES_AGGRESSIVE;
				GCC_WARN_UNUSED_FUNCTION = YES;
				GCC_WARN_UNUSED_VARIABLE = YES;
				IPHONEOS_DEPLOYMENT_TARGET = 16.4;
				MTL_ENABLE_DEBUG_INFO = INCLUDE_SOURCE;
				MTL_FAST_MATH = YES;
				ONLY_ACTIVE_ARCH = YES;
				SDKROOT = iphoneos;
				SWIFT_ACTIVE_COMPILATION_CONDITIONS = DEBUG;
				SWIFT_OPTIMIZATION_LEVEL = "-Onone";
			};
			name = Debug;
		};
		4D59647E2A0955EE0077D770 /* Release */ = {
			isa = XCBuildConfiguration;
			buildSettings = {
				ALWAYS_SEARCH_USER_PATHS = NO;
				CLANG_ANALYZER_NONNULL = YES;
				CLANG_ANALYZER_NUMBER_OBJECT_CONVERSION = YES_AGGRESSIVE;
				CLANG_CXX_LANGUAGE_STANDARD = "gnu++20";
				CLANG_ENABLE_MODULES = YES;
				CLANG_ENABLE_OBJC_ARC = YES;
				CLANG_ENABLE_OBJC_WEAK = YES;
				CLANG_WARN_BLOCK_CAPTURE_AUTORELEASING = YES;
				CLANG_WARN_BOOL_CONVERSION = YES;
				CLANG_WARN_COMMA = YES;
				CLANG_WARN_CONSTANT_CONVERSION = YES;
				CLANG_WARN_DEPRECATED_OBJC_IMPLEMENTATIONS = YES;
				CLANG_WARN_DIRECT_OBJC_ISA_USAGE = YES_ERROR;
				CLANG_WARN_DOCUMENTATION_COMMENTS = YES;
				CLANG_WARN_EMPTY_BODY = YES;
				CLANG_WARN_ENUM_CONVERSION = YES;
				CLANG_WARN_INFINITE_RECURSION = YES;
				CLANG_WARN_INT_CONVERSION = YES;
				CLANG_WARN_NON_LITERAL_NULL_CONVERSION = YES;
				CLANG_WARN_OBJC_IMPLICIT_RETAIN_SELF = YES;
				CLANG_WARN_OBJC_LITERAL_CONVERSION = YES;
				CLANG_WARN_OBJC_ROOT_CLASS = YES_ERROR;
				CLANG_WARN_QUOTED_INCLUDE_IN_FRAMEWORK_HEADER = YES;
				CLANG_WARN_RANGE_LOOP_ANALYSIS = YES;
				CLANG_WARN_STRICT_PROTOTYPES = YES;
				CLANG_WARN_SUSPICIOUS_MOVE = YES;
				CLANG_WARN_UNGUARDED_AVAILABILITY = YES_AGGRESSIVE;
				CLANG_WARN_UNREACHABLE_CODE = YES;
				CLANG_WARN__DUPLICATE_METHOD_MATCH = YES;
				COPY_PHASE_STRIP = NO;
				DEBUG_INFORMATION_FORMAT = "dwarf-with-dsym";
				ENABLE_NS_ASSERTIONS = NO;
				ENABLE_STRICT_OBJC_MSGSEND = YES;
				GCC_C_LANGUAGE_STANDARD = gnu11;
				GCC_NO_COMMON_BLOCKS = YES;
				GCC_WARN_64_TO_32_BIT_CONVERSION = YES;
				GCC_WARN_ABOUT_RETURN_TYPE = YES_ERROR;
				GCC_WARN_UNDECLARED_SELECTOR = YES;
				GCC_WARN_UNINITIALIZED_AUTOS = YES_AGGRESSIVE;
				GCC_WARN_UNUSED_FUNCTION = YES;
				GCC_WARN_UNUSED_VARIABLE = YES;
				IPHONEOS_DEPLOYMENT_TARGET = 16.4;
				MTL_ENABLE_DEBUG_INFO = NO;
				MTL_FAST_MATH = YES;
				SDKROOT = iphoneos;
				SWIFT_COMPILATION_MODE = wholemodule;
				SWIFT_OPTIMIZATION_LEVEL = "-O";
				VALIDATE_PRODUCT = YES;
			};
			name = Release;
		};
		4D5964802A0955EE0077D770 /* Debug */ = {
			isa = XCBuildConfiguration;
			baseConfigurationReference = F5340D70890F6A4D09D1296B /* Pods-GitHubChallenge.debug.xcconfig */;
			buildSettings = {
				ASSETCATALOG_COMPILER_APPICON_NAME = AppIcon;
				ASSETCATALOG_COMPILER_GLOBAL_ACCENT_COLOR_NAME = AccentColor;
				CODE_SIGN_STYLE = Automatic;
				CURRENT_PROJECT_VERSION = 1;
				GENERATE_INFOPLIST_FILE = YES;
				INFOPLIST_FILE = GitHubChallenge/Info.plist;
				INFOPLIST_KEY_UIApplicationSupportsIndirectInputEvents = YES;
				INFOPLIST_KEY_UILaunchStoryboardName = LaunchScreen;
				INFOPLIST_KEY_UIMainStoryboardFile = "";
				INFOPLIST_KEY_UISupportedInterfaceOrientations = UIInterfaceOrientationPortrait;
				INFOPLIST_KEY_UISupportedInterfaceOrientations_iPad = "UIInterfaceOrientationLandscapeLeft UIInterfaceOrientationLandscapeRight UIInterfaceOrientationPortrait UIInterfaceOrientationPortraitUpsideDown";
				IPHONEOS_DEPLOYMENT_TARGET = 12.0;
				LD_RUNPATH_SEARCH_PATHS = (
					"$(inherited)",
					"@executable_path/Frameworks",
				);
				MARKETING_VERSION = 1.0;
				PRODUCT_BUNDLE_IDENTIFIER = com.kaya.GitHubChallenge;
				PRODUCT_NAME = "$(TARGET_NAME)";
				SWIFT_EMIT_LOC_STRINGS = YES;
				SWIFT_VERSION = 5.0;
				TARGETED_DEVICE_FAMILY = "1,2";
			};
			name = Debug;
		};
		4D5964812A0955EE0077D770 /* Release */ = {
			isa = XCBuildConfiguration;
			baseConfigurationReference = CA6894985A955C45D9D62870 /* Pods-GitHubChallenge.release.xcconfig */;
			buildSettings = {
				ASSETCATALOG_COMPILER_APPICON_NAME = AppIcon;
				ASSETCATALOG_COMPILER_GLOBAL_ACCENT_COLOR_NAME = AccentColor;
				CODE_SIGN_STYLE = Automatic;
				CURRENT_PROJECT_VERSION = 1;
				GENERATE_INFOPLIST_FILE = YES;
				INFOPLIST_FILE = GitHubChallenge/Info.plist;
				INFOPLIST_KEY_UIApplicationSupportsIndirectInputEvents = YES;
				INFOPLIST_KEY_UILaunchStoryboardName = LaunchScreen;
				INFOPLIST_KEY_UIMainStoryboardFile = "";
				INFOPLIST_KEY_UISupportedInterfaceOrientations = UIInterfaceOrientationPortrait;
				INFOPLIST_KEY_UISupportedInterfaceOrientations_iPad = "UIInterfaceOrientationLandscapeLeft UIInterfaceOrientationLandscapeRight UIInterfaceOrientationPortrait UIInterfaceOrientationPortraitUpsideDown";
				IPHONEOS_DEPLOYMENT_TARGET = 12.0;
				LD_RUNPATH_SEARCH_PATHS = (
					"$(inherited)",
					"@executable_path/Frameworks",
				);
				MARKETING_VERSION = 1.0;
				PRODUCT_BUNDLE_IDENTIFIER = com.kaya.GitHubChallenge;
				PRODUCT_NAME = "$(TARGET_NAME)";
				SWIFT_EMIT_LOC_STRINGS = YES;
				SWIFT_VERSION = 5.0;
				TARGETED_DEVICE_FAMILY = "1,2";
			};
			name = Release;
		};
		4D5964832A0955EE0077D770 /* Debug */ = {
			isa = XCBuildConfiguration;
			baseConfigurationReference = 9F23D553EAF1BEAEF6ED191E /* Pods-GitHubChallengeTests.debug.xcconfig */;
			buildSettings = {
				ALWAYS_EMBED_SWIFT_STANDARD_LIBRARIES = YES;
				BUNDLE_LOADER = "$(TEST_HOST)";
				CODE_SIGN_STYLE = Automatic;
				CURRENT_PROJECT_VERSION = 1;
				GENERATE_INFOPLIST_FILE = YES;
				IPHONEOS_DEPLOYMENT_TARGET = 16.4;
				MARKETING_VERSION = 1.0;
				PRODUCT_BUNDLE_IDENTIFIER = com.kaya.GitHubChallengeTests;
				PRODUCT_NAME = "$(TARGET_NAME)";
				SWIFT_EMIT_LOC_STRINGS = NO;
				SWIFT_VERSION = 5.0;
				TARGETED_DEVICE_FAMILY = "1,2";
				TEST_HOST = "$(BUILT_PRODUCTS_DIR)/GitHubChallenge.app/$(BUNDLE_EXECUTABLE_FOLDER_PATH)/GitHubChallenge";
			};
			name = Debug;
		};
		4D5964842A0955EE0077D770 /* Release */ = {
			isa = XCBuildConfiguration;
			baseConfigurationReference = 6F07A935BCFF67A483F34CB8 /* Pods-GitHubChallengeTests.release.xcconfig */;
			buildSettings = {
				ALWAYS_EMBED_SWIFT_STANDARD_LIBRARIES = YES;
				BUNDLE_LOADER = "$(TEST_HOST)";
				CODE_SIGN_STYLE = Automatic;
				CURRENT_PROJECT_VERSION = 1;
				GENERATE_INFOPLIST_FILE = YES;
				IPHONEOS_DEPLOYMENT_TARGET = 16.4;
				MARKETING_VERSION = 1.0;
				PRODUCT_BUNDLE_IDENTIFIER = com.kaya.GitHubChallengeTests;
				PRODUCT_NAME = "$(TARGET_NAME)";
				SWIFT_EMIT_LOC_STRINGS = NO;
				SWIFT_VERSION = 5.0;
				TARGETED_DEVICE_FAMILY = "1,2";
				TEST_HOST = "$(BUILT_PRODUCTS_DIR)/GitHubChallenge.app/$(BUNDLE_EXECUTABLE_FOLDER_PATH)/GitHubChallenge";
			};
			name = Release;
		};
		4D5964862A0955EE0077D770 /* Debug */ = {
			isa = XCBuildConfiguration;
			baseConfigurationReference = 545946F7B45A7597279BE909 /* Pods-GitHubChallenge-GitHubChallengeUITests.debug.xcconfig */;
			buildSettings = {
				ALWAYS_EMBED_SWIFT_STANDARD_LIBRARIES = YES;
				CODE_SIGN_STYLE = Automatic;
				CURRENT_PROJECT_VERSION = 1;
				GENERATE_INFOPLIST_FILE = YES;
				MARKETING_VERSION = 1.0;
				PRODUCT_BUNDLE_IDENTIFIER = com.kaya.GitHubChallengeUITests;
				PRODUCT_NAME = "$(TARGET_NAME)";
				SWIFT_EMIT_LOC_STRINGS = NO;
				SWIFT_VERSION = 5.0;
				TARGETED_DEVICE_FAMILY = "1,2";
				TEST_TARGET_NAME = GitHubChallenge;
			};
			name = Debug;
		};
		4D5964872A0955EE0077D770 /* Release */ = {
			isa = XCBuildConfiguration;
			baseConfigurationReference = D522230C1144AD3911F8EF59 /* Pods-GitHubChallenge-GitHubChallengeUITests.release.xcconfig */;
			buildSettings = {
				ALWAYS_EMBED_SWIFT_STANDARD_LIBRARIES = YES;
				CODE_SIGN_STYLE = Automatic;
				CURRENT_PROJECT_VERSION = 1;
				GENERATE_INFOPLIST_FILE = YES;
				MARKETING_VERSION = 1.0;
				PRODUCT_BUNDLE_IDENTIFIER = com.kaya.GitHubChallengeUITests;
				PRODUCT_NAME = "$(TARGET_NAME)";
				SWIFT_EMIT_LOC_STRINGS = NO;
				SWIFT_VERSION = 5.0;
				TARGETED_DEVICE_FAMILY = "1,2";
				TEST_TARGET_NAME = GitHubChallenge;
			};
			name = Release;
		};
/* End XCBuildConfiguration section */

/* Begin XCConfigurationList section */
		4D5964502A0955EC0077D770 /* Build configuration list for PBXProject "GitHubChallenge" */ = {
			isa = XCConfigurationList;
			buildConfigurations = (
				4D59647D2A0955EE0077D770 /* Debug */,
				4D59647E2A0955EE0077D770 /* Release */,
			);
			defaultConfigurationIsVisible = 0;
			defaultConfigurationName = Release;
		};
		4D59647F2A0955EE0077D770 /* Build configuration list for PBXNativeTarget "GitHubChallenge" */ = {
			isa = XCConfigurationList;
			buildConfigurations = (
				4D5964802A0955EE0077D770 /* Debug */,
				4D5964812A0955EE0077D770 /* Release */,
			);
			defaultConfigurationIsVisible = 0;
			defaultConfigurationName = Release;
		};
		4D5964822A0955EE0077D770 /* Build configuration list for PBXNativeTarget "GitHubChallengeTests" */ = {
			isa = XCConfigurationList;
			buildConfigurations = (
				4D5964832A0955EE0077D770 /* Debug */,
				4D5964842A0955EE0077D770 /* Release */,
			);
			defaultConfigurationIsVisible = 0;
			defaultConfigurationName = Release;
		};
		4D5964852A0955EE0077D770 /* Build configuration list for PBXNativeTarget "GitHubChallengeUITests" */ = {
			isa = XCConfigurationList;
			buildConfigurations = (
				4D5964862A0955EE0077D770 /* Debug */,
				4D5964872A0955EE0077D770 /* Release */,
			);
			defaultConfigurationIsVisible = 0;
			defaultConfigurationName = Release;
		};
/* End XCConfigurationList section */
	};
	rootObject = 4D59644D2A0955EC0077D770 /* Project object */;
}
